<?xml version="1.0" encoding="utf-8"?>
<Project ToolsVersion="4.0" xmlns="http://schemas.microsoft.com/developer/msbuild/2003">
  <ItemGroup>
    <Filter Include="HardwareTest">
      <UniqueIdentifier>{ebe73672-d6c7-4de4-875b-427ccbbc9684}</UniqueIdentifier>
    </Filter>
    <Filter Include="Buttons">
      <UniqueIdentifier>{94e18709-2b32-497f-8088-e814b10c7bda}</UniqueIdentifier>
    </Filter>
    <Filter Include="Sequences">
      <UniqueIdentifier>{b4656243-06b5-4f63-9ddd-01f0aa679a0d}</UniqueIdentifier>
    </Filter>
    <Filter Include="HardwareTest\Checks">
      <UniqueIdentifier>{d4db7a31-2669-473a-9ffa-e991b6399346}</UniqueIdentifier>
    </Filter>
    <Filter Include="Configuration">
      <UniqueIdentifier>{64894339-3bd4-4358-a56a-a4a80c538f45}</UniqueIdentifier>
    </Filter>
    <Filter Include="Hardware">
      <UniqueIdentifier>{2ccfa7ba-35bf-4107-aa97-133704c86efa}</UniqueIdentifier>
    </Filter>
    <Filter Include="ScrollableScreen">
      <UniqueIdentifier>{6b37ce07-9d0f-4ba8-97db-487c23a2ff29}</UniqueIdentifier>
    </Filter>
    <Filter Include="MainSequence">
      <UniqueIdentifier>{f839b88b-ddb0-4dcd-b5b4-ddb0f5b7086b}</UniqueIdentifier>
    </Filter>
  </ItemGroup>
  <ItemGroup>
    <ClCompile Include="$(MSBuildThisFileDirectory)Context.cpp" />
    <ClCompile Include="$(MSBuildThisFileDirectory)IArduinoWrapper.cpp" />
    <ClCompile Include="$(MSBuildThisFileDirectory)LoaderCheck.cpp">
      <Filter>HardwareTest\Checks</Filter>
    </ClCompile>
    <ClCompile Include="$(MSBuildThisFileDirectory)TestScreen.cpp">
      <Filter>HardwareTest</Filter>
    </ClCompile>
    <ClCompile Include="$(MSBuildThisFileDirectory)IAction.cpp">
      <Filter>Sequences</Filter>
    </ClCompile>
    <ClCompile Include="$(MSBuildThisFileDirectory)ButtonsCheck.cpp">
      <Filter>HardwareTest\Checks</Filter>
    </ClCompile>
    <ClCompile Include="$(MSBuildThisFileDirectory)ButtonsController.cpp">
      <Filter>Buttons</Filter>
    </ClCompile>
    <ClCompile Include="$(MSBuildThisFileDirectory)ButtonsMapItem.cpp">
      <Filter>Buttons</Filter>
    </ClCompile>
    <ClCompile Include="$(MSBuildThisFileDirectory)HwCheckSequence.cpp">
      <Filter>HardwareTest</Filter>
    </ClCompile>
    <ClCompile Include="$(MSBuildThisFileDirectory)IHwCheck.cpp">
      <Filter>HardwareTest</Filter>
    </ClCompile>
    <ClCompile Include="$(MSBuildThisFileDirectory)ScreenBase.cpp" />
    <ClCompile Include="$(MSBuildThisFileDirectory)MachineryCheck.cpp">
      <Filter>HardwareTest\Checks</Filter>
    </ClCompile>
    <ClCompile Include="$(MSBuildThisFileDirectory)BatteryCheck.cpp">
      <Filter>HardwareTest\Checks</Filter>
    </ClCompile>
    <ClCompile Include="$(MSBuildThisFileDirectory)SensorsCheck.cpp">
      <Filter>HardwareTest\Checks</Filter>
    </ClCompile>
    <ClCompile Include="$(MSBuildThisFileDirectory)Configuration.cpp">
      <Filter>Configuration</Filter>
    </ClCompile>
    <ClCompile Include="$(MSBuildThisFileDirectory)LoaderForwardAction.cpp">
      <Filter>Sequences</Filter>
    </ClCompile>
    <ClCompile Include="$(MSBuildThisFileDirectory)LoaderReverseAction.cpp">
      <Filter>Sequences</Filter>
    </ClCompile>
    <ClCompile Include="$(MSBuildThisFileDirectory)LoaderReverseActionForcedMixing.cpp">
      <Filter>Sequences</Filter>
    </ClCompile>
    <ClCompile Include="$(MSBuildThisFileDirectory)Injector.cpp" />
    <ClCompile Include="$(MSBuildThisFileDirectory)FiringController.cpp" />
    <ClCompile Include="$(MSBuildThisFileDirectory)PrepareForFiringAction.cpp">
      <Filter>Sequences</Filter>
    </ClCompile>
    <ClCompile Include="$(MSBuildThisFileDirectory)FiringScreen.cpp">
      <Filter>Sequences</Filter>
    </ClCompile>
    <ClCompile Include="$(MSBuildThisFileDirectory)Loader.cpp">
      <Filter>Hardware</Filter>
    </ClCompile>
    <ClCompile Include="$(MSBuildThisFileDirectory)Sensors.cpp">
      <Filter>Hardware</Filter>
    </ClCompile>
    <ClCompile Include="$(MSBuildThisFileDirectory)Actuators.cpp">
      <Filter>Hardware</Filter>
    </ClCompile>
    <ClCompile Include="$(MSBuildThisFileDirectory)ScrollableScreen.cpp">
      <Filter>ScrollableScreen</Filter>
    </ClCompile>
    <ClCompile Include="$(MSBuildThisFileDirectory)MainSequence.cpp">
      <Filter>MainSequence</Filter>
    </ClCompile>
    <ClCompile Include="$(MSBuildThisFileDirectory)FiringSequencer.cpp">
      <Filter>Sequences</Filter>
    </ClCompile>
    <ClCompile Include="$(MSBuildThisFileDirectory)MainScreen.cpp">
      <Filter>MainSequence</Filter>
    </ClCompile>
  </ItemGroup>
  <ItemGroup>
    <ClInclude Include="$(MSBuildThisFileDirectory)Constants.h" />
    <ClInclude Include="$(MSBuildThisFileDirectory)TypeDefinitions.h" />
    <ClInclude Include="$(MSBuildThisFileDirectory)Context.h" />
    <ClInclude Include="$(MSBuildThisFileDirectory)IArduinoWrapper.h" />
    <ClInclude Include="$(MSBuildThisFileDirectory)ButtonsMapItem.h">
      <Filter>Buttons</Filter>
    </ClInclude>
    <ClInclude Include="$(MSBuildThisFileDirectory)TestScreen.h">
      <Filter>HardwareTest</Filter>
    </ClInclude>
    <ClInclude Include="$(MSBuildThisFileDirectory)IAction.h">
      <Filter>Sequences</Filter>
    </ClInclude>
    <ClInclude Include="$(MSBuildThisFileDirectory)LoaderCheck.h">
      <Filter>HardwareTest\Checks</Filter>
    </ClInclude>
    <ClInclude Include="$(MSBuildThisFileDirectory)ButtonsCheck.h">
      <Filter>HardwareTest\Checks</Filter>
    </ClInclude>
    <ClInclude Include="$(MSBuildThisFileDirectory)ButtonsController.h">
      <Filter>Buttons</Filter>
    </ClInclude>
    <ClInclude Include="$(MSBuildThisFileDirectory)HwCheckSequence.h">
      <Filter>HardwareTest</Filter>
    </ClInclude>
    <ClInclude Include="$(MSBuildThisFileDirectory)IHwCheck.h">
      <Filter>HardwareTest</Filter>
    </ClInclude>
    <ClInclude Include="$(MSBuildThisFileDirectory)ScreenBase.h" />
    <ClInclude Include="$(MSBuildThisFileDirectory)MachineryCheck.h">
      <Filter>HardwareTest\Checks</Filter>
    </ClInclude>
    <ClInclude Include="$(MSBuildThisFileDirectory)BatteryCheck.h">
      <Filter>HardwareTest\Checks</Filter>
    </ClInclude>
    <ClInclude Include="$(MSBuildThisFileDirectory)SensorsCheck.h">
      <Filter>HardwareTest\Checks</Filter>
    </ClInclude>
    <ClInclude Include="$(MSBuildThisFileDirectory)Configuration.h">
      <Filter>Configuration</Filter>
    </ClInclude>
    <ClInclude Include="$(MSBuildThisFileDirectory)LoaderForwardAction.h">
      <Filter>Sequences</Filter>
    </ClInclude>
    <ClInclude Include="$(MSBuildThisFileDirectory)LoaderReverseAction.h">
      <Filter>Sequences</Filter>
    </ClInclude>
    <ClInclude Include="$(MSBuildThisFileDirectory)LoaderReverseActionForcedMixing.h">
      <Filter>Sequences</Filter>
    </ClInclude>
    <ClInclude Include="$(MSBuildThisFileDirectory)Injector.h" />
    <ClInclude Include="$(MSBuildThisFileDirectory)FiringController.h" />
    <ClInclude Include="$(MSBuildThisFileDirectory)PrepareForFiringAction.h">
      <Filter>Sequences</Filter>
    </ClInclude>
    <ClInclude Include="$(MSBuildThisFileDirectory)FiringScreen.h">
      <Filter>Sequences</Filter>
    </ClInclude>
    <ClInclude Include="$(MSBuildThisFileDirectory)Sensors.h">
      <Filter>Hardware</Filter>
    </ClInclude>
    <ClInclude Include="$(MSBuildThisFileDirectory)Actuators.h">
      <Filter>Hardware</Filter>
    </ClInclude>
    <ClInclude Include="$(MSBuildThisFileDirectory)ScrollableScreen.h">
      <Filter>ScrollableScreen</Filter>
    </ClInclude>
    <ClInclude Include="$(MSBuildThisFileDirectory)Loader.h">
      <Filter>Hardware</Filter>
    </ClInclude>
    <ClInclude Include="$(MSBuildThisFileDirectory)MainSequence.h">
      <Filter>MainSequence</Filter>
    </ClInclude>
    <ClInclude Include="$(MSBuildThisFileDirectory)FiringSequencer.h">
      <Filter>Sequences</Filter>
    </ClInclude>
    <ClInclude Include="$(MSBuildThisFileDirectory)MainScreen.h">
      <Filter>MainSequence</Filter>
    </ClInclude>
  </ItemGroup>
</Project>